
Microsoft Visual Studio Solution File, Format Version 12.00
# Visual Studio Version 17
VisualStudioVersion = 17.0.31903.59
MinimumVisualStudioVersion = 10.0.40219.1
Project("{2150E333-8FDC-42A3-9474-1A3956D46DE8}") = "src", "src", "{827E0CD3-B72D-47B6-A68D-7590B98EB39B}"
EndProject
Project("{FAE04EC0-301F-11D3-BF4B-00C04F79EFBC}") = "TestFramework.Common", "src\TestFramework.Common\TestFramework.Common.csproj", "{190F0D60-3CE6-4445-9AEC-8111F3321FBC}"
EndProject
Project("{FAE04EC0-301F-11D3-BF4B-00C04F79EFBC}") = "TestFramework.Core", "src\TestFramework.Core\TestFramework.Core.csproj", "{42DA2018-61F5-4096-987A-ED838957102D}"
EndProject
Project("{FAE04EC0-301F-11D3-BF4B-00C04F79EFBC}") = "TestFramework.UI", "src\TestFramework.UI\TestFramework.UI.csproj", "{80C9B753-6C8A-4940-9BF6-7FF6F3ED7EC9}"
EndProject
Project("{FAE04EC0-301F-11D3-BF4B-00C04F79EFBC}") = "TestFramework.API", "src\TestFramework.API\TestFramework.API.csproj", "{33032F14-4090-4EDF-A429-7B20D4DFBAA8}"
EndProject
Project("{2150E333-8FDC-42A3-9474-1A3956D46DE8}") = "tests", "tests", "{0AB3BF05-4346-4AA6-1389-037BE0695223}"
EndProject
Project("{FAE04EC0-301F-11D3-BF4B-00C04F79EFBC}") = "TestFramework.Specs", "tests\TestFramework.Specs\TestFramework.Specs.csproj", "{E54BCFEE-240B-4EC0-99CF-3105B7F965DD}"
EndProject
Global
	GlobalSection(SolutionConfigurationPlatforms) = preSolution
		Debug|Any CPU = Debug|Any CPU
		Debug|x64 = Debug|x64
		Debug|x86 = Debug|x86
		Release|Any CPU = Release|Any CPU
		Release|x64 = Release|x64
		Release|x86 = Release|x86
	EndGlobalSection
	GlobalSection(ProjectConfigurationPlatforms) = postSolution
		{190F0D60-3CE6-4445-9AEC-8111F3321FBC}.Debug|Any CPU.ActiveCfg = Debug|Any CPU
		{190F0D60-3CE6-4445-9AEC-8111F3321FBC}.Debug|Any CPU.Build.0 = Debug|Any CPU
		{190F0D60-3CE6-4445-9AEC-8111F3321FBC}.Debug|x64.ActiveCfg = Debug|Any CPU
		{190F0D60-3CE6-4445-9AEC-8111F3321FBC}.Debug|x64.Build.0 = Debug|Any CPU
		{190F0D60-3CE6-4445-9AEC-8111F3321FBC}.Debug|x86.ActiveCfg = Debug|Any CPU
		{190F0D60-3CE6-4445-9AEC-8111F3321FBC}.Debug|x86.Build.0 = Debug|Any CPU
		{190F0D60-3CE6-4445-9AEC-8111F3321FBC}.Release|Any CPU.ActiveCfg = Release|Any CPU
		{190F0D60-3CE6-4445-9AEC-8111F3321FBC}.Release|Any CPU.Build.0 = Release|Any CPU
		{190F0D60-3CE6-4445-9AEC-8111F3321FBC}.Release|x64.ActiveCfg = Release|Any CPU
		{190F0D60-3CE6-4445-9AEC-8111F3321FBC}.Release|x64.Build.0 = Release|Any CPU
		{190F0D60-3CE6-4445-9AEC-8111F3321FBC}.Release|x86.ActiveCfg = Release|Any CPU
		{190F0D60-3CE6-4445-9AEC-8111F3321FBC}.Release|x86.Build.0 = Release|Any CPU
		{42DA2018-61F5-4096-987A-ED838957102D}.Debug|Any CPU.ActiveCfg = Debug|Any CPU
		{42DA2018-61F5-4096-987A-ED838957102D}.Debug|Any CPU.Build.0 = Debug|Any CPU
		{42DA2018-61F5-4096-987A-ED838957102D}.Debug|x64.ActiveCfg = Debug|Any CPU
		{42DA2018-61F5-4096-987A-ED838957102D}.Debug|x64.Build.0 = Debug|Any CPU
		{42DA2018-61F5-4096-987A-ED838957102D}.Debug|x86.ActiveCfg = Debug|Any CPU
		{42DA2018-61F5-4096-987A-ED838957102D}.Debug|x86.Build.0 = Debug|Any CPU
		{42DA2018-61F5-4096-987A-ED838957102D}.Release|Any CPU.ActiveCfg = Release|Any CPU
		{42DA2018-61F5-4096-987A-ED838957102D}.Release|Any CPU.Build.0 = Release|Any CPU
		{42DA2018-61F5-4096-987A-ED838957102D}.Release|x64.ActiveCfg = Release|Any CPU
		{42DA2018-61F5-4096-987A-ED838957102D}.Release|x64.Build.0 = Release|Any CPU
		{42DA2018-61F5-4096-987A-ED838957102D}.Release|x86.ActiveCfg = Release|Any CPU
		{42DA2018-61F5-4096-987A-ED838957102D}.Release|x86.Build.0 = Release|Any CPU
		{80C9B753-6C8A-4940-9BF6-7FF6F3ED7EC9}.Debug|Any CPU.ActiveCfg = Debug|Any CPU
		{80C9B753-6C8A-4940-9BF6-7FF6F3ED7EC9}.Debug|Any CPU.Build.0 = Debug|Any CPU
		{80C9B753-6C8A-4940-9BF6-7FF6F3ED7EC9}.Debug|x64.ActiveCfg = Debug|Any CPU
		{80C9B753-6C8A-4940-9BF6-7FF6F3ED7EC9}.Debug|x64.Build.0 = Debug|Any CPU
		{80C9B753-6C8A-4940-9BF6-7FF6F3ED7EC9}.Debug|x86.ActiveCfg = Debug|Any CPU
		{80C9B753-6C8A-4940-9BF6-7FF6F3ED7EC9}.Debug|x86.Build.0 = Debug|Any CPU
		{80C9B753-6C8A-4940-9BF6-7FF6F3ED7EC9}.Release|Any CPU.ActiveCfg = Release|Any CPU
		{80C9B753-6C8A-4940-9BF6-7FF6F3ED7EC9}.Release|Any CPU.Build.0 = Release|Any CPU
		{80C9B753-6C8A-4940-9BF6-7FF6F3ED7EC9}.Release|x64.ActiveCfg = Release|Any CPU
		{80C9B753-6C8A-4940-9BF6-7FF6F3ED7EC9}.Release|x64.Build.0 = Release|Any CPU
		{80C9B753-6C8A-4940-9BF6-7FF6F3ED7EC9}.Release|x86.ActiveCfg = Release|Any CPU
		{80C9B753-6C8A-4940-9BF6-7FF6F3ED7EC9}.Release|x86.Build.0 = Release|Any CPU
		{33032F14-4090-4EDF-A429-7B20D4DFBAA8}.Debug|Any CPU.ActiveCfg = Debug|Any CPU
		{33032F14-4090-4EDF-A429-7B20D4DFBAA8}.Debug|Any CPU.Build.0 = Debug|Any CPU
		{33032F14-4090-4EDF-A429-7B20D4DFBAA8}.Debug|x64.ActiveCfg = Debug|Any CPU
		{33032F14-4090-4EDF-A429-7B20D4DFBAA8}.Debug|x64.Build.0 = Debug|Any CPU
		{33032F14-4090-4EDF-A429-7B20D4DFBAA8}.Debug|x86.ActiveCfg = Debug|Any CPU
		{33032F14-4090-4EDF-A429-7B20D4DFBAA8}.Debug|x86.Build.0 = Debug|Any CPU
		{33032F14-4090-4EDF-A429-7B20D4DFBAA8}.Release|Any CPU.ActiveCfg = Release|Any CPU
		{33032F14-4090-4EDF-A429-7B20D4DFBAA8}.Release|Any CPU.Build.0 = Release|Any CPU
		{33032F14-4090-4EDF-A429-7B20D4DFBAA8}.Release|x64.ActiveCfg = Release|Any CPU
		{33032F14-4090-4EDF-A429-7B20D4DFBAA8}.Release|x64.Build.0 = Release|Any CPU
		{33032F14-4090-4EDF-A429-7B20D4DFBAA8}.Release|x86.ActiveCfg = Release|Any CPU
		{33032F14-4090-4EDF-A429-7B20D4DFBAA8}.Release|x86.Build.0 = Release|Any CPU
		{E54BCFEE-240B-4EC0-99CF-3105B7F965DD}.Debug|Any CPU.ActiveCfg = Debug|Any CPU
		{E54BCFEE-240B-4EC0-99CF-3105B7F965DD}.Debug|Any CPU.Build.0 = Debug|Any CPU
		{E54BCFEE-240B-4EC0-99CF-3105B7F965DD}.Debug|x64.ActiveCfg = Debug|Any CPU
		{E54BCFEE-240B-4EC0-99CF-3105B7F965DD}.Debug|x64.Build.0 = Debug|Any CPU
		{E54BCFEE-240B-4EC0-99CF-3105B7F965DD}.Debug|x86.ActiveCfg = Debug|Any CPU
		{E54BCFEE-240B-4EC0-99CF-3105B7F965DD}.Debug|x86.Build.0 = Debug|Any CPU
		{E54BCFEE-240B-4EC0-99CF-3105B7F965DD}.Release|Any CPU.ActiveCfg = Release|Any CPU
		{E54BCFEE-240B-4EC0-99CF-3105B7F965DD}.Release|Any CPU.Build.0 = Release|Any CPU
		{E54BCFEE-240B-4EC0-99CF-3105B7F965DD}.Release|x64.ActiveCfg = Release|Any CPU
		{E54BCFEE-240B-4EC0-99CF-3105B7F965DD}.Release|x64.Build.0 = Release|Any CPU
		{E54BCFEE-240B-4EC0-99CF-3105B7F965DD}.Release|x86.ActiveCfg = Release|Any CPU
		{E54BCFEE-240B-4EC0-99CF-3105B7F965DD}.Release|x86.Build.0 = Release|Any CPU
	EndGlobalSection
	GlobalSection(SolutionProperties) = preSolution
		HideSolutionNode = FALSE
	EndGlobalSection
	GlobalSection(NestedProjects) = preSolution
		{190F0D60-3CE6-4445-9AEC-8111F3321FBC} = {827E0CD3-B72D-47B6-A68D-7590B98EB39B}
		{42DA2018-61F5-4096-987A-ED838957102D} = {827E0CD3-B72D-47B6-A68D-7590B98EB39B}
		{80C9B753-6C8A-4940-9BF6-7FF6F3ED7EC9} = {827E0CD3-B72D-47B6-A68D-7590B98EB39B}
		{33032F14-4090-4EDF-A429-7B20D4DFBAA8} = {827E0CD3-B72D-47B6-A68D-7590B98EB39B}
		{E54BCFEE-240B-4EC0-99CF-3105B7F965DD} = {0AB3BF05-4346-4AA6-1389-037BE0695223}
	EndGlobalSection
EndGlobal
